// !$*UTF8*$!
{
	archiveVersion = 1;
	classes = {
	};
	objectVersion = 55;
	objects = {

/* Begin PBXBuildFile section */
		DA7887DA284B9AEF00455C9D /* InteractiveDismissDisabledApp.swift in Sources */ = {isa = PBXBuildFile; fileRef = DA7887D9284B9AEF00455C9D /* InteractiveDismissDisabledApp.swift */; };
		DA7887DC284B9AEF00455C9D /* ContentView.swift in Sources */ = {isa = PBXBuildFile; fileRef = DA7887DB284B9AEF00455C9D /* ContentView.swift */; };
		DA7887DE284B9AF100455C9D /* Assets.xcassets in Resources */ = {isa = PBXBuildFile; fileRef = DA7887DD284B9AF100455C9D /* Assets.xcassets */; };
		DA7887E1284B9AF100455C9D /* Preview Assets.xcassets in Resources */ = {isa = PBXBuildFile; fileRef = DA7887E0284B9AF100455C9D /* Preview Assets.xcassets */; };
		DA7887E9284B9B7300455C9D /* EditView.swift in Sources */ = {isa = PBXBuildFile; fileRef = DA7887E8284B9B7300455C9D /* EditView.swift */; };
		DA7887EB284B9BEC00455C9D /* EditViewModel.swift in Sources */ = {isa = PBXBuildFile; fileRef = DA7887EA284B9BEC00455C9D /* EditViewModel.swift */; };
		DA7887EF284B9D0A00455C9D /* View+InteractiveDismissDisable.swift in Sources */ = {isa = PBXBuildFile; fileRef = DA7887EE284B9D0A00455C9D /* View+InteractiveDismissDisable.swift */; };
		DA7887F2284B9E5B00455C9D /* User.swift in Sources */ = {isa = PBXBuildFile; fileRef = DA7887F1284B9E5B00455C9D /* User.swift */; };
/* End PBXBuildFile section */

/* Begin PBXFileReference section */
		DA7887D6284B9AEF00455C9D /* InteractiveDismissDisabled.app */ = {isa = PBXFileReference; explicitFileType = wrapper.application; includeInIndex = 0; path = InteractiveDismissDisabled.app; sourceTree = BUILT_PRODUCTS_DIR; };
		DA7887D9284B9AEF00455C9D /* InteractiveDismissDisabledApp.swift */ = {isa = PBXFileReference; lastKnownFileType = sourcecode.swift; path = InteractiveDismissDisabledApp.swift; sourceTree = "<group>"; };
		DA7887DB284B9AEF00455C9D /* ContentView.swift */ = {isa = PBXFileReference; lastKnownFileType = sourcecode.swift; path = ContentView.swift; sourceTree = "<group>"; };
		DA7887DD284B9AF100455C9D /* Assets.xcassets */ = {isa = PBXFileReference; lastKnownFileType = folder.assetcatalog; path = Assets.xcassets; sourceTree = "<group>"; };
		DA7887E0284B9AF100455C9D /* Preview Assets.xcassets */ = {isa = PBXFileReference; lastKnownFileType = folder.assetcatalog; path = "Preview Assets.xcassets"; sourceTree = "<group>"; };
		DA7887E8284B9B7300455C9D /* EditView.swift */ = {isa = PBXFileReference; lastKnownFileType = sourcecode.swift; path = EditView.swift; sourceTree = "<group>"; };
		DA7887EA284B9BEC00455C9D /* EditViewModel.swift */ = {isa = PBXFileReference; lastKnownFileType = sourcecode.swift; path = EditViewModel.swift; sourceTree = "<group>"; };
		DA7887EE284B9D0A00455C9D /* View+InteractiveDismissDisable.swift */ = {isa = PBXFileReference; fileEncoding = 4; lastKnownFileType = sourcecode.swift; path = "View+InteractiveDismissDisable.swift"; sourceTree = "<group>"; };
		DA7887F1284B9E5B00455C9D /* User.swift */ = {isa = PBXFileReference; lastKnownFileType = sourcecode.swift; path = User.swift; sourceTree = "<group>"; };
/* End PBXFileReference section */

/* Begin PBXFrameworksBuildPhase section */
		DA7887D3284B9AEF00455C9D /* Frameworks */ = {
			isa = PBXFrameworksBuildPhase;
			buildActionMask = 2147483647;
			files = (
			);
			runOnlyForDeploymentPostprocessing = 0;
		};
/* End PBXFrameworksBuildPhase section */

/* Begin PBXGroup section */
		DA7887CD284B9AEF00455C9D = {
			isa = PBXGroup;
			children = (
				DA7887D8284B9AEF00455C9D /* InteractiveDismissDisabled */,
				DA7887D7284B9AEF00455C9D /* Products */,
			);
			sourceTree = "<group>";
		};
		DA7887D7284B9AEF00455C9D /* Products */ = {
			isa = PBXGroup;
			children = (
				DA7887D6284B9AEF00455C9D /* InteractiveDismissDisabled.app */,
			);
			name = Products;
			sourceTree = "<group>";
		};
		DA7887D8284B9AEF00455C9D /* InteractiveDismissDisabled */ = {
			isa = PBXGroup;
			children = (
				DA7887D9284B9AEF00455C9D /* InteractiveDismissDisabledApp.swift */,
				DA7887F0284B9E3800455C9D /* Models */,
				DA7887EC284B9BF300455C9D /* ViewModels */,
				DA7887E7284B9B1000455C9D /* Views */,
				DA7887ED284B9CDD00455C9D /* Modifiers */,
				DA7887DD284B9AF100455C9D /* Assets.xcassets */,
				DA7887DF284B9AF100455C9D /* Preview Content */,
			);
			path = InteractiveDismissDisabled;
			sourceTree = "<group>";
		};
		DA7887DF284B9AF100455C9D /* Preview Content */ = {
			isa = PBXGroup;
			children = (
				DA7887E0284B9AF100455C9D /* Preview Assets.xcassets */,
			);
			path = "Preview Content";
			sourceTree = "<group>";
		};
		DA7887E7284B9B1000455C9D /* Views */ = {
			isa = PBXGroup;
			children = (
				DA7887DB284B9AEF00455C9D /* ContentView.swift */,
				DA7887E8284B9B7300455C9D /* EditView.swift */,
			);
			path = Views;
			sourceTree = "<group>";
		};
		DA7887EC284B9BF300455C9D /* ViewModels */ = {
			isa = PBXGroup;
			children = (
				DA7887EA284B9BEC00455C9D /* EditViewModel.swift */,
			);
			path = ViewModels;
			sourceTree = "<group>";
		};
		DA7887ED284B9CDD00455C9D /* Modifiers */ = {
			isa = PBXGroup;
			children = (
				DA7887EE284B9D0A00455C9D /* View+InteractiveDismissDisable.swift */,
			);
			path = Modifiers;
			sourceTree = "<group>";
		};
		DA7887F0284B9E3800455C9D /* Models */ = {
			isa = PBXGroup;
			children = (
				DA7887F1284B9E5B00455C9D /* User.swift */,
			);
			path = Models;
			sourceTree = "<group>";
		};
/* End PBXGroup section */

/* Begin PBXNativeTarget section */
		DA7887D5284B9AEF00455C9D /* InteractiveDismissDisabled */ = {
			isa = PBXNativeTarget;
			buildConfigurationList = DA7887E4284B9AF100455C9D /* Build configuration list for PBXNativeTarget "InteractiveDismissDisabled" */;
			buildPhases = (
				DA7887D2284B9AEF00455C9D /* Sources */,
				DA7887D3284B9AEF00455C9D /* Frameworks */,
				DA7887D4284B9AEF00455C9D /* Resources */,
			);
			buildRules = (
			);
			dependencies = (
			);
			name = InteractiveDismissDisabled;
			productName = InteractiveDismissDisabled;
			productReference = DA7887D6284B9AEF00455C9D /* InteractiveDismissDisabled.app */;
			productType = "com.apple.product-type.application";
		};
/* End PBXNativeTarget section */

/* Begin PBXProject section */
		DA7887CE284B9AEF00455C9D /* Project object */ = {
			isa = PBXProject;
			attributes = {
				BuildIndependentTargetsInParallel = 1;
				LastSwiftUpdateCheck = 1330;
				LastUpgradeCheck = 1330;
				TargetAttributes = {
					DA7887D5284B9AEF00455C9D = {
						CreatedOnToolsVersion = 13.3;
					};
				};
			};
			buildConfigurationList = DA7887D1284B9AEF00455C9D /* Build configuration list for PBXProject "InteractiveDismissDisabled" */;
			compatibilityVersion = "Xcode 13.0";
			developmentRegion = en;
			hasScannedForEncodings = 0;
			knownRegions = (
				en,
				Base,
			);
			mainGroup = DA7887CD284B9AEF00455C9D;
			productRefGroup = DA7887D7284B9AEF00455C9D /* Products */;
			projectDirPath = "";
			projectRoot = "";
			targets = (
				DA7887D5284B9AEF00455C9D /* InteractiveDismissDisabled */,
			);
		};
/* End PBXProject section */

/* Begin PBXResourcesBuildPhase section */
		DA7887D4284B9AEF00455C9D /* Resources */ = {
			isa = PBXResourcesBuildPhase;
			buildActionMask = 2147483647;
			files = (
				DA7887E1284B9AF100455C9D /* Preview Assets.xcassets in Resources */,
				DA7887DE284B9AF100455C9D /* Assets.xcassets in Resources */,
			);
			runOnlyForDeploymentPostprocessing = 0;
		};
/* End PBXResourcesBuildPhase section */

/* Begin PBXSourcesBuildPhase section */
		DA7887D2284B9AEF00455C9D /* Sources */ = {
			isa = PBXSourcesBuildPhase;
			buildActionMask = 2147483647;
			files = (
				DA7887EB284B9BEC00455C9D /* EditViewModel.swift in Sources */,
				DA7887DC284B9AEF00455C9D /* ContentView.swift in Sources */,
				DA7887F2284B9E5B00455C9D /* User.swift in Sources */,
				DA7887DA284B9AEF00455C9D /* InteractiveDismissDisabledApp.swift in Sources */,
				DA7887EF284B9D0A00455C9D /* View+InteractiveDismissDisable.swift in Sources */,
				DA7887E9284B9B7300455C9D /* EditView.swift in Sources */,
			);
			runOnlyForDeploymentPostprocessing = 0;
		};
/* End PBXSourcesBuildPhase section */

/* Begin XCBuildConfiguration section */
		DA7887E2284B9AF100455C9D /* Debug */ = {
			isa = XCBuildConfiguration;
			buildSettings = {
				ALWAYS_SEARCH_USER_PATHS = NO;
				CLANG_ANALYZER_NONNULL = YES;
				CLANG_ANALYZER_NUMBER_OBJECT_CONVERSION = YES_AGGRESSIVE;
				CLANG_CXX_LANGUAGE_STANDARD = "gnu++17";
				CLANG_ENABLE_MODULES = YES;
				CLANG_ENABLE_OBJC_ARC = YES;
				CLANG_ENABLE_OBJC_WEAK = YES;
				CLANG_WARN_BLOCK_CAPTURE_AUTORELEASING = YES;
				CLANG_WARN_BOOL_CONVERSION = YES;
				CLANG_WARN_COMMA = YES;
				CLANG_WARN_CONSTANT_CONVERSION = YES;
				CLANG_WARN_DEPRECATED_OBJC_IMPLEMENTATIONS = YES;
				CLANG_WARN_DIRECT_OBJC_ISA_USAGE = YES_ERROR;
				CLANG_WARN_DOCUMENTATION_COMMENTS = YES;
				CLANG_WARN_EMPTY_BODY = YES;
				CLANG_WARN_ENUM_CONVERSION = YES;
				CLANG_WARN_INFINITE_RECURSION = YES;
				CLANG_WARN_INT_CONVERSION = YES;
				CLANG_WARN_NON_LITERAL_NULL_CONVERSION = YES;
				CLANG_WARN_OBJC_IMPLICIT_RETAIN_SELF = YES;
				CLANG_WARN_OBJC_LITERAL_CONVERSION = YES;
				CLANG_WARN_OBJC_ROOT_CLASS = YES_ERROR;
				CLANG_WARN_QUOTED_INCLUDE_IN_FRAMEWORK_HEADER = YES;
				CLANG_WARN_RANGE_LOOP_ANALYSIS = YES;
				CLANG_WARN_STRICT_PROTOTYPES = YES;
				CLANG_WARN_SUSPICIOUS_MOVE = YES;
				CLANG_WARN_UNGUARDED_AVAILABILITY = YES_AGGRESSIVE;
				CLANG_WARN_UNREACHABLE_CODE = YES;
				CLANG_WARN__DUPLICATE_METHOD_MATCH = YES;
				COPY_PHASE_STRIP = NO;
				DEBUG_INFORMATION_FORMAT = dwarf;
				ENABLE_STRICT_OBJC_MSGSEND = YES;
				ENABLE_TESTABILITY = YES;
				GCC_C_LANGUAGE_STANDARD = gnu11;
				GCC_DYNAMIC_NO_PIC = NO;
				GCC_NO_COMMON_BLOCKS = YES;
				GCC_OPTIMIZATION_LEVEL = 0;
				GCC_PREPROCESSOR_DEFINITIONS = (
					"DEBUG=1",
					"$(inherited)",
				);
				GCC_WARN_64_TO_32_BIT_CONVERSION = YES;
				GCC_WARN_ABOUT_RETURN_TYPE = YES_ERROR;
				GCC_WARN_UNDECLARED_SELECTOR = YES;
				GCC_WARN_UNINITIALIZED_AUTOS = YES_AGGRESSIVE;
				GCC_WARN_UNUSED_FUNCTION = YES;
				GCC_WARN_UNUSED_VARIABLE = YES;
				IPHONEOS_DEPLOYMENT_TARGET = 15.4;
				MTL_ENABLE_DEBUG_INFO = INCLUDE_SOURCE;
				MTL_FAST_MATH = YES;
				ONLY_ACTIVE_ARCH = YES;
				SDKROOT = iphoneos;
				SWIFT_ACTIVE_COMPILATION_CONDITIONS = DEBUG;
				SWIFT_OPTIMIZATION_LEVEL = "-Onone";
			};
			name = Debug;
		};
		DA7887E3284B9AF100455C9D /* Release */ = {
			isa = XCBuildConfiguration;
			buildSettings = {
				ALWAYS_SEARCH_USER_PATHS = NO;
				CLANG_ANALYZER_NONNULL = YES;
				CLANG_ANALYZER_NUMBER_OBJECT_CONVERSION = YES_AGGRESSIVE;
				CLANG_CXX_LANGUAGE_STANDARD = "gnu++17";
				CLANG_ENABLE_MODULES = YES;
				CLANG_ENABLE_OBJC_ARC = YES;
				CLANG_ENABLE_OBJC_WEAK = YES;
				CLANG_WARN_BLOCK_CAPTURE_AUTORELEASING = YES;
				CLANG_WARN_BOOL_CONVERSION = YES;
				CLANG_WARN_COMMA = YES;
				CLANG_WARN_CONSTANT_CONVERSION = YES;
				CLANG_WARN_DEPRECATED_OBJC_IMPLEMENTATIONS = YES;
				CLANG_WARN_DIRECT_OBJC_ISA_USAGE = YES_ERROR;
				CLANG_WARN_DOCUMENTATION_COMMENTS = YES;
				CLANG_WARN_EMPTY_BODY = YES;
				CLANG_WARN_ENUM_CONVERSION = YES;
				CLANG_WARN_INFINITE_RECURSION = YES;
				CLANG_WARN_INT_CONVERSION = YES;
				CLANG_WARN_NON_LITERAL_NULL_CONVERSION = YES;
				CLANG_WARN_OBJC_IMPLICIT_RETAIN_SELF = YES;
				CLANG_WARN_OBJC_LITERAL_CONVERSION = YES;
				CLANG_WARN_OBJC_ROOT_CLASS = YES_ERROR;
				CLANG_WARN_QUOTED_INCLUDE_IN_FRAMEWORK_HEADER = YES;
				CLANG_WARN_RANGE_LOOP_ANALYSIS = YES;
				CLANG_WARN_STRICT_PROTOTYPES = YES;
				CLANG_WARN_SUSPICIOUS_MOVE = YES;
				CLANG_WARN_UNGUARDED_AVAILABILITY = YES_AGGRESSIVE;
				CLANG_WARN_UNREACHABLE_CODE = YES;
				CLANG_WARN__DUPLICATE_METHOD_MATCH = YES;
				COPY_PHASE_STRIP = NO;
				DEBUG_INFORMATION_FORMAT = "dwarf-with-dsym";
				ENABLE_NS_ASSERTIONS = NO;
				ENABLE_STRICT_OBJC_MSGSEND = YES;
				GCC_C_LANGUAGE_STANDARD = gnu11;
				GCC_NO_COMMON_BLOCKS = YES;
				GCC_WARN_64_TO_32_BIT_CONVERSION = YES;
				GCC_WARN_ABOUT_RETURN_TYPE = YES_ERROR;
				GCC_WARN_UNDECLARED_SELECTOR = YES;
				GCC_WARN_UNINITIALIZED_AUTOS = YES_AGGRESSIVE;
				GCC_WARN_UNUSED_FUNCTION = YES;
				GCC_WARN_UNUSED_VARIABLE = YES;
				IPHONEOS_DEPLOYMENT_TARGET = 15.4;
				MTL_ENABLE_DEBUG_INFO = NO;
				MTL_FAST_MATH = YES;
				SDKROOT = iphoneos;
				SWIFT_COMPILATION_MODE = wholemodule;
				SWIFT_OPTIMIZATION_LEVEL = "-O";
				VALIDATE_PRODUCT = YES;
			};
			name = Release;
		};
		DA7887E5284B9AF100455C9D /* Debug */ = {
			isa = XCBuildConfiguration;
			buildSettings = {
				ASSETCATALOG_COMPILER_APPICON_NAME = AppIcon;
				ASSETCATALOG_COMPILER_GLOBAL_ACCENT_COLOR_NAME = AccentColor;
				CODE_SIGN_STYLE = Automatic;
				CURRENT_PROJECT_VERSION = 1;
				DEVELOPMENT_ASSET_PATHS = "\"InteractiveDismissDisabled/Preview Content\"";
				ENABLE_PREVIEWS = YES;
				GENERATE_INFOPLIST_FILE = YES;
				INFOPLIST_KEY_UIApplicationSceneManifest_Generation = YES;
				INFOPLIST_KEY_UIApplicationSupportsIndirectInputEvents = YES;
				INFOPLIST_KEY_UILaunchScreen_Generation = YES;
				INFOPLIST_KEY_UISupportedInterfaceOrientations_iPad = "UIInterfaceOrientationPortrait UIInterfaceOrientationPortraitUpsideDown UIInterfaceOrientationLandscapeLeft UIInterfaceOrientationLandscapeRight";
				INFOPLIST_KEY_UISupportedInterfaceOrientations_iPhone = "UIInterfaceOrientationPortrait UIInterfaceOrientationLandscapeLeft UIInterfaceOrientationLandscapeRight";
				LD_RUNPATH_SEARCH_PATHS = (
					"$(inherited)",
					"@executable_path/Frameworks",
				);
				MARKETING_VERSION = 1.0;
				PRODUCT_BUNDLE_IDENTIFIER = com.learnable.InteractiveDismissDisabled;
				PRODUCT_NAME = "$(TARGET_NAME)";
				SWIFT_EMIT_LOC_STRINGS = YES;
				SWIFT_VERSION = 5.0;
				TARGETED_DEVICE_FAMILY = "1,2";
			};
			name = Debug;
		};
		DA7887E6284B9AF100455C9D /* Release */ = {
			isa = XCBuildConfiguration;
			buildSettings = {
				ASSETCATALOG_COMPILER_APPICON_NAME = AppIcon;
				ASSETCATALOG_COMPILER_GLOBAL_ACCENT_COLOR_NAME = AccentColor;
				CODE_SIGN_STYLE = Automatic;
				CURRENT_PROJECT_VERSION = 1;
				DEVELOPMENT_ASSET_PATHS = "\"InteractiveDismissDisabled/Preview Content\"";
				ENABLE_PREVIEWS = YES;
				GENERATE_INFOPLIST_FILE = YES;
				INFOPLIST_KEY_UIApplicationSceneManifest_Generation = YES;
				INFOPLIST_KEY_UIApplicationSupportsIndirectInputEvents = YES;
				INFOPLIST_KEY_UILaunchScreen_Generation = YES;
				INFOPLIST_KEY_UISupportedInterfaceOrientations_iPad = "UIInterfaceOrientationPortrait UIInterfaceOrientationPortraitUpsideDown UIInterfaceOrientationLandscapeLeft UIInterfaceOrientationLandscapeRight";
				INFOPLIST_KEY_UISupportedInterfaceOrientations_iPhone = "UIInterfaceOrientationPortrait UIInterfaceOrientationLandscapeLeft UIInterfaceOrientationLandscapeRight";
				LD_RUNPATH_SEARCH_PATHS = (
					"$(inherited)",
					"@executable_path/Frameworks",
				);
				MARKETING_VERSION = 1.0;
				PRODUCT_BUNDLE_IDENTIFIER = com.learnable.InteractiveDismissDisabled;
				PRODUCT_NAME = "$(TARGET_NAME)";
				SWIFT_EMIT_LOC_STRINGS = YES;
				SWIFT_VERSION = 5.0;
				TARGETED_DEVICE_FAMILY = "1,2";
			};
			name = Release;
		};
/* End XCBuildConfiguration section */

/* Begin XCConfigurationList section */
		DA7887D1284B9AEF00455C9D /* Build configuration list for PBXProject "InteractiveDismissDisabled" */ = {
			isa = XCConfigurationList;
			buildConfigurations = (
				DA7887E2284B9AF100455C9D /* Debug */,
				DA7887E3284B9AF100455C9D /* Release */,
			);
			defaultConfigurationIsVisible = 0;
			defaultConfigurationName = Release;
		};
		DA7887E4284B9AF100455C9D /* Build configuration list for PBXNativeTarget "InteractiveDismissDisabled" */ = {
			isa = XCConfigurationList;
			buildConfigurations = (
				DA7887E5284B9AF100455C9D /* Debug */,
				DA7887E6284B9AF100455C9D /* Release */,
			);
			defaultConfigurationIsVisible = 0;
			defaultConfigurationName = Release;
		};
/* End XCConfigurationList section */
	};
	rootObject = DA7887CE284B9AEF00455C9D /* Project object */;
}
